
Microsoft Visual Studio Solution File, Format Version 11.00
# Visual Studio 2010
Project("{FAE04EC0-301F-11D3-BF4B-00C04F79EFBC}") = "Ria4HTMLWithoutSPA", "Ria4HTMLWithoutSPA\Ria4HTMLWithoutSPA.csproj", "{F9D93EF6-87CF-4F18-A117-22CF4DD04536}"
EndProject
Global
	GlobalSection(TeamFoundationVersionControl) = preSolution
		SccNumberOfProjects = 2
		SccEnterpriseProvider = {4CA58AB2-18FA-4F8D-95D4-32DDF27D184C}
		SccTeamFoundationServer = https://tfs.codeplex.com/tfs/tfs03
		SccLocalPath0 = .
		SccProjectUniqueName1 = Ria4HTMLWithoutSPA\\Ria4HTMLWithoutSPA.csproj
		SccProjectName1 = Ria4HTMLWithoutSPA
		SccLocalPath1 = Ria4HTMLWithoutSPA
	EndGlobalSection
	GlobalSection(SolutionConfigurationPlatforms) = preSolution
		Debug|Any CPU = Debug|Any CPU
		Release|Any CPU = Release|Any CPU
	EndGlobalSection
	GlobalSection(ProjectConfigurationPlatforms) = postSolution
		{F9D93EF6-87CF-4F18-A117-22CF4DD04536}.Debug|Any CPU.ActiveCfg = Debug|Any CPU
		{F9D93EF6-87CF-4F18-A117-22CF4DD04536}.Debug|Any CPU.Build.0 = Debug|Any CPU
		{F9D93EF6-87CF-4F18-A117-22CF4DD04536}.Release|Any CPU.ActiveCfg = Release|Any CPU
		{F9D93EF6-87CF-4F18-A117-22CF4DD04536}.Release|Any CPU.Build.0 = Release|Any CPU
	EndGlobalSection
	GlobalSection(SolutionProperties) = preSolution
		HideSolutionNode = FALSE
	EndGlobalSection
EndGlobal
